// !$*UTF8*$!
{
	archiveVersion = 1;
	classes = {
	};
	objectVersion = 46;
	objects = {

/* Begin PBXBuildFile section */
		CE866BF01534552E00629265 /* UIKit.framework in Frameworks */ = {isa = PBXBuildFile; fileRef = CE866BEF1534552E00629265 /* UIKit.framework */; };
		CE866BF21534552E00629265 /* Foundation.framework in Frameworks */ = {isa = PBXBuildFile; fileRef = CE866BF11534552E00629265 /* Foundation.framework */; };
		CE866BF41534552E00629265 /* CoreGraphics.framework in Frameworks */ = {isa = PBXBuildFile; fileRef = CE866BF31534552E00629265 /* CoreGraphics.framework */; };
		CE866BFA1534552F00629265 /* InfoPlist.strings in Resources */ = {isa = PBXBuildFile; fileRef = CE866BF81534552F00629265 /* InfoPlist.strings */; };
		CE866BFC1534552F00629265 /* main.m in Sources */ = {isa = PBXBuildFile; fileRef = CE866BFB1534552F00629265 /* main.m */; };
		CE866C001534552F00629265 /* TransformerAppDelegate.m in Sources */ = {isa = PBXBuildFile; fileRef = CE866BFF1534552F00629265 /* TransformerAppDelegate.m */; };
		CE866C031534552F00629265 /* MainStoryboard.storyboard in Resources */ = {isa = PBXBuildFile; fileRef = CE866C011534552F00629265 /* MainStoryboard.storyboard */; };
		CE866C061534552F00629265 /* TransformerViewController.m in Sources */ = {isa = PBXBuildFile; fileRef = CE866C051534552F00629265 /* TransformerViewController.m */; };
/* End PBXBuildFile section */

/* Begin PBXFileReference section */
		CE866BEB1534552E00629265 /* Transformer.app */ = {isa = PBXFileReference; explicitFileType = wrapper.application; includeInIndex = 0; path = Transformer.app; sourceTree = BUILT_PRODUCTS_DIR; };
		CE866BEF1534552E00629265 /* UIKit.framework */ = {isa = PBXFileReference; lastKnownFileType = wrapper.framework; name = UIKit.framework; path = System/Library/Frameworks/UIKit.framework; sourceTree = SDKROOT; };
		CE866BF11534552E00629265 /* Foundation.framework */ = {isa = PBXFileReference; lastKnownFileType = wrapper.framework; name = Foundation.framework; path = System/Library/Frameworks/Foundation.framework; sourceTree = SDKROOT; };
		CE866BF31534552E00629265 /* CoreGraphics.framework */ = {isa = PBXFileReference; lastKnownFileType = wrapper.framework; name = CoreGraphics.framework; path = System/Library/Frameworks/CoreGraphics.framework; sourceTree = SDKROOT; };
		CE866BF71534552E00629265 /* Transformer-Info.plist */ = {isa = PBXFileReference; path = "Transformer-Info.plist"; sourceTree = "<group>"; };
		CE866BF91534552F00629265 /* en */ = {isa = PBXFileReference; lastKnownFileType = text.plist.strings; name = en; path = en.lproj/InfoPlist.strings; sourceTree = "<group>"; };
		CE866BFB1534552F00629265 /* main.m */ = {isa = PBXFileReference; lastKnownFileType = sourcecode.c.objc; path = main.m; sourceTree = "<group>"; };
		CE866BFD1534552F00629265 /* Transformer-Prefix.pch */ = {isa = PBXFileReference; path = "Transformer-Prefix.pch"; sourceTree = "<group>"; };
		CE866BFE1534552F00629265 /* TransformerAppDelegate.h */ = {isa = PBXFileReference; path = TransformerAppDelegate.h; sourceTree = "<group>"; };
		CE866BFF1534552F00629265 /* TransformerAppDelegate.m */ = {isa = PBXFileReference; lastKnownFileType = sourcecode.c.objc; path = TransformerAppDelegate.m; sourceTree = "<group>"; };
		CE866C021534552F00629265 /* en */ = {isa = PBXFileReference; lastKnownFileType = file.storyboard; name = en; path = en.lproj/MainStoryboard.storyboard; sourceTree = "<group>"; };
		CE866C041534552F00629265 /* TransformerViewController.h */ = {isa = PBXFileReference; path = TransformerViewController.h; sourceTree = "<group>"; };
		CE866C051534552F00629265 /* TransformerViewController.m */ = {isa = PBXFileReference; lastKnownFileType = sourcecode.c.objc; path = TransformerViewController.m; sourceTree = "<group>"; };
/* End PBXFileReference section */

/* Begin PBXFrameworksBuildPhase section */
		CE866BE81534552E00629265 /* Frameworks */ = {
			isa = PBXFrameworksBuildPhase;
			buildActionMask = 2147483647;
			files = (
				CE866BF01534552E00629265 /* UIKit.framework in Frameworks */,
				CE866BF21534552E00629265 /* Foundation.framework in Frameworks */,
				CE866BF41534552E00629265 /* CoreGraphics.framework in Frameworks */,
			);
			runOnlyForDeploymentPostprocessing = 0;
		};
/* End PBXFrameworksBuildPhase section */

/* Begin PBXGroup section */
		CE866BE01534552E00629265 = {
			isa = PBXGroup;
			children = (
				CE866BF51534552E00629265 /* Transformer */,
				CE866BEE1534552E00629265 /* Frameworks */,
				CE866BEC1534552E00629265 /* Products */,
			);
			sourceTree = "<group>";
		};
		CE866BEC1534552E00629265 /* Products */ = {
			isa = PBXGroup;
			children = (
				CE866BEB1534552E00629265 /* Transformer.app */,
			);
			name = Products;
			sourceTree = "<group>";
		};
		CE866BEE1534552E00629265 /* Frameworks */ = {
			isa = PBXGroup;
			children = (
				CE866BEF1534552E00629265 /* UIKit.framework */,
				CE866BF11534552E00629265 /* Foundation.framework */,
				CE866BF31534552E00629265 /* CoreGraphics.framework */,
			);
			name = Frameworks;
			sourceTree = "<group>";
		};
		CE866BF51534552E00629265 /* Transformer */ = {
			isa = PBXGroup;
			children = (
				CE866BFE1534552F00629265 /* TransformerAppDelegate.h */,
				CE866BFF1534552F00629265 /* TransformerAppDelegate.m */,
				CE866C011534552F00629265 /* MainStoryboard.storyboard */,
				CE866C041534552F00629265 /* TransformerViewController.h */,
				CE866C051534552F00629265 /* TransformerViewController.m */,
				CE866BF61534552E00629265 /* Supporting Files */,
			);
			path = Transformer;
			sourceTree = "<group>";
		};
		CE866BF61534552E00629265 /* Supporting Files */ = {
			isa = PBXGroup;
			children = (
				CE866BF71534552E00629265 /* Transformer-Info.plist */,
				CE866BF81534552F00629265 /* InfoPlist.strings */,
				CE866BFB1534552F00629265 /* main.m */,
				CE866BFD1534552F00629265 /* Transformer-Prefix.pch */,
			);
			name = "Supporting Files";
			sourceTree = "<group>";
		};
/* End PBXGroup section */

/* Begin PBXNativeTarget section */
		CE866BEA1534552E00629265 /* Transformer */ = {
			isa = PBXNativeTarget;
			buildConfigurationList = CE866C091534552F00629265 /* Build configuration list for PBXNativeTarget "Transformer" */;
			buildPhases = (
				CE866BE71534552E00629265 /* Sources */,
				CE866BE81534552E00629265 /* Frameworks */,
				CE866BE91534552E00629265 /* Resources */,
			);
			buildRules = (
			);
			dependencies = (
			);
			name = Transformer;
			productName = Transformer;
			productReference = CE866BEB1534552E00629265 /* Transformer.app */;
			productType = "com.apple.product-type.application";
		};
/* End PBXNativeTarget section */

/* Begin PBXProject section */
		CE866BE21534552E00629265 /* Project object */ = {
			isa = PBXProject;
			attributes = {
				CLASSPREFIX = Transformer;
				LastUpgradeCheck = 0430;
			};
			buildConfigurationList = CE866BE51534552E00629265 /* Build configuration list for PBXProject "Transformer" */;
			compatibilityVersion = "Xcode 3.2";
			developmentRegion = English;
			hasScannedForEncodings = 0;
			knownRegions = (
				en,
			);
			mainGroup = CE866BE01534552E00629265;
			productRefGroup = CE866BEC1534552E00629265 /* Products */;
			projectDirPath = "";
			projectRoot = "";
			targets = (
				CE866BEA1534552E00629265 /* Transformer */,
			);
		};
/* End PBXProject section */

/* Begin PBXResourcesBuildPhase section */
		CE866BE91534552E00629265 /* Resources */ = {
			isa = PBXResourcesBuildPhase;
			buildActionMask = 2147483647;
			files = (
				CE866BFA1534552F00629265 /* InfoPlist.strings in Resources */,
				CE866C031534552F00629265 /* MainStoryboard.storyboard in Resources */,
			);
			runOnlyForDeploymentPostprocessing = 0;
		};
/* End PBXResourcesBuildPhase section */

/* Begin PBXSourcesBuildPhase section */
		CE866BE71534552E00629265 /* Sources */ = {
			isa = PBXSourcesBuildPhase;
			buildActionMask = 2147483647;
			files = (
				CE866BFC1534552F00629265 /* main.m in Sources */,
				CE866C001534552F00629265 /* TransformerAppDelegate.m in Sources */,
				CE866C061534552F00629265 /* TransformerViewController.m in Sources */,
			);
			runOnlyForDeploymentPostprocessing = 0;
		};
/* End PBXSourcesBuildPhase section */

/* Begin PBXVariantGroup section */
		CE866BF81534552F00629265 /* InfoPlist.strings */ = {
			isa = PBXVariantGroup;
			children = (
				CE866BF91534552F00629265 /* en */,
			);
			name = InfoPlist.strings;
			sourceTree = "<group>";
		};
		CE866C011534552F00629265 /* MainStoryboard.storyboard */ = {
			isa = PBXVariantGroup;
			children = (
				CE866C021534552F00629265 /* en */,
			);
			name = MainStoryboard.storyboard;
			sourceTree = "<group>";
		};
/* End PBXVariantGroup section */

/* Begin XCBuildConfiguration section */
		CE866C071534552F00629265 /* Debug */ = {
			isa = XCBuildConfiguration;
			buildSettings = {
				ALWAYS_SEARCH_USER_PATHS = NO;
				ARCHS = "$(ARCHS_STANDARD_32_BIT)";
				CLANG_ENABLE_OBJC_ARC = YES;
				"CODE_SIGN_IDENTITY[sdk=iphoneos*]" = "iPhone Developer";
				COPY_PHASE_STRIP = NO;
				GCC_C_LANGUAGE_STANDARD = gnu99;
				GCC_DYNAMIC_NO_PIC = NO;
				GCC_OPTIMIZATION_LEVEL = 0;
				GCC_PREPROCESSOR_DEFINITIONS = (
					"DEBUG=1",
					"$(inherited)",
				);
				GCC_SYMBOLS_PRIVATE_EXTERN = NO;
				GCC_VERSION = com.apple.compilers.llvm.clang.1_0;
				GCC_WARN_ABOUT_RETURN_TYPE = YES;
				GCC_WARN_UNINITIALIZED_AUTOS = YES;
				GCC_WARN_UNUSED_VARIABLE = YES;
				IPHONEOS_DEPLOYMENT_TARGET = 5.1;
				SDKROOT = iphoneos;
			};
			name = Debug;
		};
		CE866C081534552F00629265 /* Release */ = {
			isa = XCBuildConfiguration;
			buildSettings = {
				ALWAYS_SEARCH_USER_PATHS = NO;
				ARCHS = "$(ARCHS_STANDARD_32_BIT)";
				CLANG_ENABLE_OBJC_ARC = YES;
				"CODE_SIGN_IDENTITY[sdk=iphoneos*]" = "iPhone Developer";
				COPY_PHASE_STRIP = YES;
				GCC_C_LANGUAGE_STANDARD = gnu99;
				GCC_VERSION = com.apple.compilers.llvm.clang.1_0;
				GCC_WARN_ABOUT_RETURN_TYPE = YES;
				GCC_WARN_UNINITIALIZED_AUTOS = YES;
				GCC_WARN_UNUSED_VARIABLE = YES;
				IPHONEOS_DEPLOYMENT_TARGET = 5.1;
				OTHER_CFLAGS = "-DNS_BLOCK_ASSERTIONS=1";
				SDKROOT = iphoneos;
				VALIDATE_PRODUCT = YES;
			};
			name = Release;
		};
		CE866C0A1534552F00629265 /* Debug */ = {
			isa = XCBuildConfiguration;
			buildSettings = {
				GCC_PRECOMPILE_PREFIX_HEADER = YES;
				GCC_PREFIX_HEADER = "Transformer/Transformer-Prefix.pch";
				INFOPLIST_FILE = "Transformer/Transformer-Info.plist";
				PRODUCT_NAME = "$(TARGET_NAME)";
				WRAPPER_EXTENSION = app;
			};
			name = Debug;
		};
		CE866C0B1534552F00629265 /* Release */ = {
			isa = XCBuildConfiguration;
			buildSettings = {
				GCC_PRECOMPILE_PREFIX_HEADER = YES;
				GCC_PREFIX_HEADER = "Transformer/Transformer-Prefix.pch";
				INFOPLIST_FILE = "Transformer/Transformer-Info.plist";
				PRODUCT_NAME = "$(TARGET_NAME)";
				WRAPPER_EXTENSION = app;
			};
			name = Release;
		};
/* End XCBuildConfiguration section */

/* Begin XCConfigurationList section */
		CE866BE51534552E00629265 /* Build configuration list for PBXProject "Transformer" */ = {
			isa = XCConfigurationList;
			buildConfigurations = (
				CE866C071534552F00629265 /* Debug */,
				CE866C081534552F00629265 /* Release */,
			);
			defaultConfigurationIsVisible = 0;
			defaultConfigurationName = Release;
		};
		CE866C091534552F00629265 /* Build configuration list for PBXNativeTarget "Transformer" */ = {
			isa = XCConfigurationList;
			buildConfigurations = (
				CE866C0A1534552F00629265 /* Debug */,
				CE866C0B1534552F00629265 /* Release */,
			);
			defaultConfigurationIsVisible = 0;
		};
/* End XCConfigurationList section */
	};
	rootObject = CE866BE21534552E00629265 /* Project object */;
}
